
Microsoft Visual Studio Solution File, Format Version 12.00
# Visual Studio Version 17
VisualStudioVersion = 17.1.32228.430
MinimumVisualStudioVersion = 10.0.40219.1
Project("{FAE04EC0-301F-11D3-BF4B-00C04F79EFBC}") = "Client2", "Client2\Client2.csproj", "{3F32CBBE-9E7E-4A3F-A28A-1AFFA2555E87}"
EndProject
Global
	GlobalSection(SolutionConfigurationPlatforms) = preSolution
		Debug|Any CPU = Debug|Any CPU
		Release|Any CPU = Release|Any CPU
	EndGlobalSection
	GlobalSection(ProjectConfigurationPlatforms) = postSolution
		{3F32CBBE-9E7E-4A3F-A28A-1AFFA2555E87}.Debug|Any CPU.ActiveCfg = Debug|Any CPU
		{3F32CBBE-9E7E-4A3F-A28A-1AFFA2555E87}.Debug|Any CPU.Build.0 = Debug|Any CPU
		{3F32CBBE-9E7E-4A3F-A28A-1AFFA2555E87}.Release|Any CPU.ActiveCfg = Release|Any CPU
		{3F32CBBE-9E7E-4A3F-A28A-1AFFA2555E87}.Release|Any CPU.Build.0 = Release|Any CPU
	EndGlobalSection
	GlobalSection(SolutionProperties) = preSolution
		HideSolutionNode = FALSE
	EndGlobalSection
	GlobalSection(ExtensibilityGlobals) = postSolution
		SolutionGuid = {02AABF7F-09CC-450F-A35C-13C15C6494C9}
	EndGlobalSection
EndGlobal
